
Microsoft Visual Studio Solution File, Format Version 12.00
# Visual Studio Version 16
VisualStudioVersion = 16.0.30503.244
MinimumVisualStudioVersion = 10.0.40219.1
Project("{FAE04EC0-301F-11D3-BF4B-00C04F79EFBC}") = "Presentation", "Presentation\Presentation.csproj", "{A9D8C7F7-418B-41CB-9F63-D7FAF7B5F2A3}"
EndProject
Project("{FAE04EC0-301F-11D3-BF4B-00C04F79EFBC}") = "Application.Presentation", "Application.Presentation\Application.Presentation.csproj", "{7093CDB5-0F72-4E4D-8966-3FF8BE6027BD}"
EndProject
Project("{FAE04EC0-301F-11D3-BF4B-00C04F79EFBC}") = "Application.Common", "..\BusinessProcess\Application.Common\Application.Common.csproj", "{20F557F3-7719-4A08-A663-FC2211B8186D}"
EndProject
Global
	GlobalSection(SolutionConfigurationPlatforms) = preSolution
		Debug|Any CPU = Debug|Any CPU
		Release|Any CPU = Release|Any CPU
	EndGlobalSection
	GlobalSection(ProjectConfigurationPlatforms) = postSolution
		{A9D8C7F7-418B-41CB-9F63-D7FAF7B5F2A3}.Debug|Any CPU.ActiveCfg = Debug|Any CPU
		{A9D8C7F7-418B-41CB-9F63-D7FAF7B5F2A3}.Debug|Any CPU.Build.0 = Debug|Any CPU
		{A9D8C7F7-418B-41CB-9F63-D7FAF7B5F2A3}.Release|Any CPU.ActiveCfg = Release|Any CPU
		{A9D8C7F7-418B-41CB-9F63-D7FAF7B5F2A3}.Release|Any CPU.Build.0 = Release|Any CPU
		{7093CDB5-0F72-4E4D-8966-3FF8BE6027BD}.Debug|Any CPU.ActiveCfg = Debug|Any CPU
		{7093CDB5-0F72-4E4D-8966-3FF8BE6027BD}.Debug|Any CPU.Build.0 = Debug|Any CPU
		{7093CDB5-0F72-4E4D-8966-3FF8BE6027BD}.Release|Any CPU.ActiveCfg = Release|Any CPU
		{7093CDB5-0F72-4E4D-8966-3FF8BE6027BD}.Release|Any CPU.Build.0 = Release|Any CPU
		{20F557F3-7719-4A08-A663-FC2211B8186D}.Debug|Any CPU.ActiveCfg = Debug|Any CPU
		{20F557F3-7719-4A08-A663-FC2211B8186D}.Debug|Any CPU.Build.0 = Debug|Any CPU
		{20F557F3-7719-4A08-A663-FC2211B8186D}.Release|Any CPU.ActiveCfg = Release|Any CPU
		{20F557F3-7719-4A08-A663-FC2211B8186D}.Release|Any CPU.Build.0 = Release|Any CPU
	EndGlobalSection
	GlobalSection(SolutionProperties) = preSolution
		HideSolutionNode = FALSE
	EndGlobalSection
	GlobalSection(ExtensibilityGlobals) = postSolution
		SolutionGuid = {0E7414CA-27F3-42DA-9982-BCA23D29BCC4}
	EndGlobalSection
	GlobalSection(TeamFoundationVersionControl) = preSolution
		SccNumberOfProjects = 4
		SccEnterpriseProvider = {4CA58AB2-18FA-4F8D-95D4-32DDF27D184C}
		SccTeamFoundationServer = https://tfs.strengthsfirst.org/tfs-devops
		SccProjectUniqueName0 = ..\\BusinessProcess\\Application.Common\\Application.Common.csproj
		SccProjectName0 = ../BusinessProcess/Application.Common
		SccLocalPath0 = ..\\BusinessProcess\\Application.Common
		SccLocalPath1 = .
		SccProjectUniqueName2 = Application.Presentation\\Application.Presentation.csproj
		SccProjectName2 = Application.Presentation
		SccLocalPath2 = Application.Presentation
		SccProjectUniqueName3 = Presentation\\Presentation.csproj
		SccProjectName3 = Presentation
		SccLocalPath3 = Presentation
	EndGlobalSection
EndGlobal
